
Microsoft Visual Studio Solution File, Format Version 12.00
# Visual Studio Version 17
VisualStudioVersion = 17.8.34511.84
MinimumVisualStudioVersion = 10.0.40219.1
Project("{FAE04EC0-301F-11D3-BF4B-00C04F79EFBC}") = "HotelAPI_Backend", "HotelAPI_Backend\HotelAPI_Backend.csproj", "{C5123DFC-0E55-4D96-B9B9-33D1CFEE48BB}"
EndProject
Global
	GlobalSection(SolutionConfigurationPlatforms) = preSolution
		Debug|Any CPU = Debug|Any CPU
		Release|Any CPU = Release|Any CPU
	EndGlobalSection
	GlobalSection(ProjectConfigurationPlatforms) = postSolution
		{C5123DFC-0E55-4D96-B9B9-33D1CFEE48BB}.Debug|Any CPU.ActiveCfg = Debug|Any CPU
		{C5123DFC-0E55-4D96-B9B9-33D1CFEE48BB}.Debug|Any CPU.Build.0 = Debug|Any CPU
		{C5123DFC-0E55-4D96-B9B9-33D1CFEE48BB}.Release|Any CPU.ActiveCfg = Release|Any CPU
		{C5123DFC-0E55-4D96-B9B9-33D1CFEE48BB}.Release|Any CPU.Build.0 = Release|Any CPU
	EndGlobalSection
	GlobalSection(SolutionProperties) = preSolution
		HideSolutionNode = FALSE
	EndGlobalSection
	GlobalSection(ExtensibilityGlobals) = postSolution
		SolutionGuid = {292CC05B-1AED-41D7-A223-4A6D59763C5A}
	EndGlobalSection
EndGlobal
